
Microsoft Visual Studio Solution File, Format Version 12.00
# Visual Studio 14
VisualStudioVersion = 14.0.25420.1
MinimumVisualStudioVersion = 10.0.40219.1
Project("{FAE04EC0-301F-11D3-BF4B-00C04F79EFBC}") = "WSG Web Application", "WSG Web Application\WSG Web Application.csproj", "{BC2EE231-8F97-4029-9B98-37AD6E332349}"
EndProject
Global
	GlobalSection(SolutionConfigurationPlatforms) = preSolution
		Debug|Any CPU = Debug|Any CPU
		Release|Any CPU = Release|Any CPU
	EndGlobalSection
	GlobalSection(ProjectConfigurationPlatforms) = postSolution
		{BC2EE231-8F97-4029-9B98-37AD6E332349}.Debug|Any CPU.ActiveCfg = Debug|Any CPU
		{BC2EE231-8F97-4029-9B98-37AD6E332349}.Debug|Any CPU.Build.0 = Debug|Any CPU
		{BC2EE231-8F97-4029-9B98-37AD6E332349}.Release|Any CPU.ActiveCfg = Release|Any CPU
		{BC2EE231-8F97-4029-9B98-37AD6E332349}.Release|Any CPU.Build.0 = Release|Any CPU
	EndGlobalSection
	GlobalSection(SolutionProperties) = preSolution
		HideSolutionNode = FALSE
	EndGlobalSection
EndGlobal
